
Microsoft Visual Studio Solution File, Format Version 12.00
# Visual Studio Version 17
VisualStudioVersion = 17.10.35027.167
MinimumVisualStudioVersion = 10.0.40219.1
Project("{FAE04EC0-301F-11D3-BF4B-00C04F79EFBC}") = "Biblioteca", "Biblioteca.csproj", "{8D21CD28-9188-4EDF-BFA3-693AD3215548}"
EndProject
Global
	GlobalSection(SolutionConfigurationPlatforms) = preSolution
		Debug|Any CPU = Debug|Any CPU
		Release|Any CPU = Release|Any CPU
	EndGlobalSection
	GlobalSection(ProjectConfigurationPlatforms) = postSolution
		{8D21CD28-9188-4EDF-BFA3-693AD3215548}.Debug|Any CPU.ActiveCfg = Debug|Any CPU
		{8D21CD28-9188-4EDF-BFA3-693AD3215548}.Debug|Any CPU.Build.0 = Debug|Any CPU
		{8D21CD28-9188-4EDF-BFA3-693AD3215548}.Release|Any CPU.ActiveCfg = Release|Any CPU
		{8D21CD28-9188-4EDF-BFA3-693AD3215548}.Release|Any CPU.Build.0 = Release|Any CPU
	EndGlobalSection
	GlobalSection(SolutionProperties) = preSolution
		HideSolutionNode = FALSE
	EndGlobalSection
	GlobalSection(ExtensibilityGlobals) = postSolution
		SolutionGuid = {8FE66605-A2A8-42EC-8960-CB44C8662FD9}
	EndGlobalSection
EndGlobal
